// !$*UTF8*$!
{
	archiveVersion = 1;
	classes = {
	};
	objectVersion = 48;
	objects = {

/* Begin PBXBuildFile section */
		A789991E2055989800697135 /* Quicksand-Bold.ttf in Resources */ = {isa = PBXBuildFile; fileRef = A7CF491B20508DAD00108CF5 /* Quicksand-Bold.ttf */; };
		A789991F2055989B00697135 /* Quicksand-Light.ttf in Resources */ = {isa = PBXBuildFile; fileRef = A7CF491E20508DAD00108CF5 /* Quicksand-Light.ttf */; };
		A78999202055989D00697135 /* Quicksand-Medium.ttf in Resources */ = {isa = PBXBuildFile; fileRef = A7CF491C20508DAD00108CF5 /* Quicksand-Medium.ttf */; };
		A7899921205598A000697135 /* Quicksand-Regular.ttf in Resources */ = {isa = PBXBuildFile; fileRef = A7CF491D20508DAD00108CF5 /* Quicksand-Regular.ttf */; };
		A78DCB5D20A758670041430D /* LittleSparksLogo.swift in Sources */ = {isa = PBXBuildFile; fileRef = A78DCB5C20A758670041430D /* LittleSparksLogo.swift */; };
		A78DCB6820A87F560041430D /* PetalLayer.swift in Sources */ = {isa = PBXBuildFile; fileRef = A78DCB6720A87F560041430D /* PetalLayer.swift */; };
		A78DCB6A20A8811F0041430D /* FaceLayer.swift in Sources */ = {isa = PBXBuildFile; fileRef = A78DCB6920A8811F0041430D /* FaceLayer.swift */; };
		A7CF490920508C6000108CF5 /* AppDelegate.swift in Sources */ = {isa = PBXBuildFile; fileRef = A7CF490820508C6000108CF5 /* AppDelegate.swift */; };
		A7CF490B20508C6000108CF5 /* ViewController.swift in Sources */ = {isa = PBXBuildFile; fileRef = A7CF490A20508C6000108CF5 /* ViewController.swift */; };
		A7CF490E20508C6000108CF5 /* Main.storyboard in Resources */ = {isa = PBXBuildFile; fileRef = A7CF490C20508C6000108CF5 /* Main.storyboard */; };
		A7CF491020508C6000108CF5 /* Assets.xcassets in Resources */ = {isa = PBXBuildFile; fileRef = A7CF490F20508C6000108CF5 /* Assets.xcassets */; };
		A7CF491320508C6000108CF5 /* LaunchScreen.storyboard in Resources */ = {isa = PBXBuildFile; fileRef = A7CF491120508C6000108CF5 /* LaunchScreen.storyboard */; };
/* End PBXBuildFile section */

/* Begin PBXFileReference section */
		A78DCB5C20A758670041430D /* LittleSparksLogo.swift */ = {isa = PBXFileReference; lastKnownFileType = sourcecode.swift; path = LittleSparksLogo.swift; sourceTree = "<group>"; };
		A78DCB6720A87F560041430D /* PetalLayer.swift */ = {isa = PBXFileReference; lastKnownFileType = sourcecode.swift; path = PetalLayer.swift; sourceTree = "<group>"; };
		A78DCB6920A8811F0041430D /* FaceLayer.swift */ = {isa = PBXFileReference; lastKnownFileType = sourcecode.swift; path = FaceLayer.swift; sourceTree = "<group>"; };
		A7CF490520508C6000108CF5 /* LittleSparksSurvey.app */ = {isa = PBXFileReference; explicitFileType = wrapper.application; includeInIndex = 0; path = LittleSparksSurvey.app; sourceTree = BUILT_PRODUCTS_DIR; };
		A7CF490820508C6000108CF5 /* AppDelegate.swift */ = {isa = PBXFileReference; lastKnownFileType = sourcecode.swift; path = AppDelegate.swift; sourceTree = "<group>"; };
		A7CF490A20508C6000108CF5 /* ViewController.swift */ = {isa = PBXFileReference; lastKnownFileType = sourcecode.swift; path = ViewController.swift; sourceTree = "<group>"; };
		A7CF490D20508C6000108CF5 /* Base */ = {isa = PBXFileReference; lastKnownFileType = file.storyboard; name = Base; path = Base.lproj/Main.storyboard; sourceTree = "<group>"; };
		A7CF490F20508C6000108CF5 /* Assets.xcassets */ = {isa = PBXFileReference; lastKnownFileType = folder.assetcatalog; path = Assets.xcassets; sourceTree = "<group>"; };
		A7CF491220508C6000108CF5 /* Base */ = {isa = PBXFileReference; lastKnownFileType = file.storyboard; name = Base; path = Base.lproj/LaunchScreen.storyboard; sourceTree = "<group>"; };
		A7CF491420508C6100108CF5 /* Info.plist */ = {isa = PBXFileReference; lastKnownFileType = text.plist.xml; path = Info.plist; sourceTree = "<group>"; };
		A7CF491B20508DAD00108CF5 /* Quicksand-Bold.ttf */ = {isa = PBXFileReference; lastKnownFileType = file; path = "Quicksand-Bold.ttf"; sourceTree = "<group>"; };
		A7CF491C20508DAD00108CF5 /* Quicksand-Medium.ttf */ = {isa = PBXFileReference; lastKnownFileType = file; path = "Quicksand-Medium.ttf"; sourceTree = "<group>"; };
		A7CF491D20508DAD00108CF5 /* Quicksand-Regular.ttf */ = {isa = PBXFileReference; lastKnownFileType = file; path = "Quicksand-Regular.ttf"; sourceTree = "<group>"; };
		A7CF491E20508DAD00108CF5 /* Quicksand-Light.ttf */ = {isa = PBXFileReference; lastKnownFileType = file; path = "Quicksand-Light.ttf"; sourceTree = "<group>"; };
/* End PBXFileReference section */

/* Begin PBXFrameworksBuildPhase section */
		A7CF490220508C6000108CF5 /* Frameworks */ = {
			isa = PBXFrameworksBuildPhase;
			buildActionMask = 2147483647;
			files = (
			);
			runOnlyForDeploymentPostprocessing = 0;
		};
/* End PBXFrameworksBuildPhase section */

/* Begin PBXGroup section */
		A78DCB5920A756460041430D /* Animation */ = {
			isa = PBXGroup;
			children = (
				A78DCB6020A75B6D0041430D /* Logo */,
			);
			path = Animation;
			sourceTree = "<group>";
		};
		A78DCB6020A75B6D0041430D /* Logo */ = {
			isa = PBXGroup;
			children = (
				A78DCB5C20A758670041430D /* LittleSparksLogo.swift */,
				A78DCB6720A87F560041430D /* PetalLayer.swift */,
				A78DCB6920A8811F0041430D /* FaceLayer.swift */,
			);
			path = Logo;
			sourceTree = "<group>";
		};
		A7CF48FC20508C6000108CF5 = {
			isa = PBXGroup;
			children = (
				A7CF490720508C6000108CF5 /* LittleSparksSurvey */,
				A7CF490620508C6000108CF5 /* Products */,
			);
			sourceTree = "<group>";
		};
		A7CF490620508C6000108CF5 /* Products */ = {
			isa = PBXGroup;
			children = (
				A7CF490520508C6000108CF5 /* LittleSparksSurvey.app */,
			);
			name = Products;
			sourceTree = "<group>";
		};
		A7CF490720508C6000108CF5 /* LittleSparksSurvey */ = {
			isa = PBXGroup;
			children = (
				A78DCB5920A756460041430D /* Animation */,
				A7CF491A20508D5800108CF5 /* fonts */,
				A7CF490820508C6000108CF5 /* AppDelegate.swift */,
				A7CF490A20508C6000108CF5 /* ViewController.swift */,
				A7CF490C20508C6000108CF5 /* Main.storyboard */,
				A7CF490F20508C6000108CF5 /* Assets.xcassets */,
				A7CF491120508C6000108CF5 /* LaunchScreen.storyboard */,
				A7CF491420508C6100108CF5 /* Info.plist */,
			);
			path = LittleSparksSurvey;
			sourceTree = "<group>";
		};
		A7CF491A20508D5800108CF5 /* fonts */ = {
			isa = PBXGroup;
			children = (
				A7CF491B20508DAD00108CF5 /* Quicksand-Bold.ttf */,
				A7CF491E20508DAD00108CF5 /* Quicksand-Light.ttf */,
				A7CF491C20508DAD00108CF5 /* Quicksand-Medium.ttf */,
				A7CF491D20508DAD00108CF5 /* Quicksand-Regular.ttf */,
			);
			path = fonts;
			sourceTree = "<group>";
		};
/* End PBXGroup section */

/* Begin PBXNativeTarget section */
		A7CF490420508C6000108CF5 /* LittleSparksSurvey */ = {
			isa = PBXNativeTarget;
			buildConfigurationList = A7CF491720508C6100108CF5 /* Build configuration list for PBXNativeTarget "LittleSparksSurvey" */;
			buildPhases = (
				A7CF490120508C6000108CF5 /* Sources */,
				A7CF490220508C6000108CF5 /* Frameworks */,
				A7CF490320508C6000108CF5 /* Resources */,
			);
			buildRules = (
			);
			dependencies = (
			);
			name = LittleSparksSurvey;
			productName = LittleSparksSurvey;
			productReference = A7CF490520508C6000108CF5 /* LittleSparksSurvey.app */;
			productType = "com.apple.product-type.application";
		};
/* End PBXNativeTarget section */

/* Begin PBXProject section */
		A7CF48FD20508C6000108CF5 /* Project object */ = {
			isa = PBXProject;
			attributes = {
				LastSwiftUpdateCheck = 0920;
				LastUpgradeCheck = 0930;
				ORGANIZATIONNAME = "Oliver Binns";
				TargetAttributes = {
					A7CF490420508C6000108CF5 = {
						CreatedOnToolsVersion = 9.2;
						ProvisioningStyle = Automatic;
					};
				};
			};
			buildConfigurationList = A7CF490020508C6000108CF5 /* Build configuration list for PBXProject "LittleSparksSurvey" */;
			compatibilityVersion = "Xcode 8.0";
			developmentRegion = en;
			hasScannedForEncodings = 0;
			knownRegions = (
				en,
				Base,
			);
			mainGroup = A7CF48FC20508C6000108CF5;
			productRefGroup = A7CF490620508C6000108CF5 /* Products */;
			projectDirPath = "";
			projectRoot = "";
			targets = (
				A7CF490420508C6000108CF5 /* LittleSparksSurvey */,
			);
		};
/* End PBXProject section */

/* Begin PBXResourcesBuildPhase section */
		A7CF490320508C6000108CF5 /* Resources */ = {
			isa = PBXResourcesBuildPhase;
			buildActionMask = 2147483647;
			files = (
				A7CF491320508C6000108CF5 /* LaunchScreen.storyboard in Resources */,
				A7CF491020508C6000108CF5 /* Assets.xcassets in Resources */,
				A7899921205598A000697135 /* Quicksand-Regular.ttf in Resources */,
				A7CF490E20508C6000108CF5 /* Main.storyboard in Resources */,
				A789991E2055989800697135 /* Quicksand-Bold.ttf in Resources */,
				A789991F2055989B00697135 /* Quicksand-Light.ttf in Resources */,
				A78999202055989D00697135 /* Quicksand-Medium.ttf in Resources */,
			);
			runOnlyForDeploymentPostprocessing = 0;
		};
/* End PBXResourcesBuildPhase section */

/* Begin PBXSourcesBuildPhase section */
		A7CF490120508C6000108CF5 /* Sources */ = {
			isa = PBXSourcesBuildPhase;
			buildActionMask = 2147483647;
			files = (
				A78DCB6820A87F560041430D /* PetalLayer.swift in Sources */,
				A78DCB5D20A758670041430D /* LittleSparksLogo.swift in Sources */,
				A78DCB6A20A8811F0041430D /* FaceLayer.swift in Sources */,
				A7CF490B20508C6000108CF5 /* ViewController.swift in Sources */,
				A7CF490920508C6000108CF5 /* AppDelegate.swift in Sources */,
			);
			runOnlyForDeploymentPostprocessing = 0;
		};
/* End PBXSourcesBuildPhase section */

/* Begin PBXVariantGroup section */
		A7CF490C20508C6000108CF5 /* Main.storyboard */ = {
			isa = PBXVariantGroup;
			children = (
				A7CF490D20508C6000108CF5 /* Base */,
			);
			name = Main.storyboard;
			sourceTree = "<group>";
		};
		A7CF491120508C6000108CF5 /* LaunchScreen.storyboard */ = {
			isa = PBXVariantGroup;
			children = (
				A7CF491220508C6000108CF5 /* Base */,
			);
			name = LaunchScreen.storyboard;
			sourceTree = "<group>";
		};
/* End PBXVariantGroup section */

/* Begin XCBuildConfiguration section */
		A7CF491520508C6100108CF5 /* Debug */ = {
			isa = XCBuildConfiguration;
			buildSettings = {
				ALWAYS_SEARCH_USER_PATHS = NO;
				CLANG_ANALYZER_NONNULL = YES;
				CLANG_ANALYZER_NUMBER_OBJECT_CONVERSION = YES_AGGRESSIVE;
				CLANG_CXX_LANGUAGE_STANDARD = "gnu++14";
				CLANG_CXX_LIBRARY = "libc++";
				CLANG_ENABLE_MODULES = YES;
				CLANG_ENABLE_OBJC_ARC = YES;
				CLANG_WARN_BLOCK_CAPTURE_AUTORELEASING = YES;
				CLANG_WARN_BOOL_CONVERSION = YES;
				CLANG_WARN_COMMA = YES;
				CLANG_WARN_CONSTANT_CONVERSION = YES;
				CLANG_WARN_DEPRECATED_OBJC_IMPLEMENTATIONS = YES;
				CLANG_WARN_DIRECT_OBJC_ISA_USAGE = YES_ERROR;
				CLANG_WARN_DOCUMENTATION_COMMENTS = YES;
				CLANG_WARN_EMPTY_BODY = YES;
				CLANG_WARN_ENUM_CONVERSION = YES;
				CLANG_WARN_INFINITE_RECURSION = YES;
				CLANG_WARN_INT_CONVERSION = YES;
				CLANG_WARN_NON_LITERAL_NULL_CONVERSION = YES;
				CLANG_WARN_OBJC_IMPLICIT_RETAIN_SELF = YES;
				CLANG_WARN_OBJC_LITERAL_CONVERSION = YES;
				CLANG_WARN_OBJC_ROOT_CLASS = YES_ERROR;
				CLANG_WARN_RANGE_LOOP_ANALYSIS = YES;
				CLANG_WARN_STRICT_PROTOTYPES = YES;
				CLANG_WARN_SUSPICIOUS_MOVE = YES;
				CLANG_WARN_UNGUARDED_AVAILABILITY = YES_AGGRESSIVE;
				CLANG_WARN_UNREACHABLE_CODE = YES;
				CLANG_WARN__DUPLICATE_METHOD_MATCH = YES;
				CODE_SIGN_IDENTITY = "iPhone Developer";
				COPY_PHASE_STRIP = NO;
				DEBUG_INFORMATION_FORMAT = dwarf;
				ENABLE_STRICT_OBJC_MSGSEND = YES;
				ENABLE_TESTABILITY = YES;
				GCC_C_LANGUAGE_STANDARD = gnu11;
				GCC_DYNAMIC_NO_PIC = NO;
				GCC_NO_COMMON_BLOCKS = YES;
				GCC_OPTIMIZATION_LEVEL = 0;
				GCC_PREPROCESSOR_DEFINITIONS = (
					"DEBUG=1",
					"$(inherited)",
				);
				GCC_WARN_64_TO_32_BIT_CONVERSION = YES;
				GCC_WARN_ABOUT_RETURN_TYPE = YES_ERROR;
				GCC_WARN_UNDECLARED_SELECTOR = YES;
				GCC_WARN_UNINITIALIZED_AUTOS = YES_AGGRESSIVE;
				GCC_WARN_UNUSED_FUNCTION = YES;
				GCC_WARN_UNUSED_VARIABLE = YES;
				IPHONEOS_DEPLOYMENT_TARGET = 11.2;
				MTL_ENABLE_DEBUG_INFO = YES;
				ONLY_ACTIVE_ARCH = YES;
				SDKROOT = iphoneos;
				SWIFT_ACTIVE_COMPILATION_CONDITIONS = DEBUG;
				SWIFT_OPTIMIZATION_LEVEL = "-Onone";
			};
			name = Debug;
		};
		A7CF491620508C6100108CF5 /* Release */ = {
			isa = XCBuildConfiguration;
			buildSettings = {
				ALWAYS_SEARCH_USER_PATHS = NO;
				CLANG_ANALYZER_NONNULL = YES;
				CLANG_ANALYZER_NUMBER_OBJECT_CONVERSION = YES_AGGRESSIVE;
				CLANG_CXX_LANGUAGE_STANDARD = "gnu++14";
				CLANG_CXX_LIBRARY = "libc++";
				CLANG_ENABLE_MODULES = YES;
				CLANG_ENABLE_OBJC_ARC = YES;
				CLANG_WARN_BLOCK_CAPTURE_AUTORELEASING = YES;
				CLANG_WARN_BOOL_CONVERSION = YES;
				CLANG_WARN_COMMA = YES;
				CLANG_WARN_CONSTANT_CONVERSION = YES;
				CLANG_WARN_DEPRECATED_OBJC_IMPLEMENTATIONS = YES;
				CLANG_WARN_DIRECT_OBJC_ISA_USAGE = YES_ERROR;
				CLANG_WARN_DOCUMENTATION_COMMENTS = YES;
				CLANG_WARN_EMPTY_BODY = YES;
				CLANG_WARN_ENUM_CONVERSION = YES;
				CLANG_WARN_INFINITE_RECURSION = YES;
				CLANG_WARN_INT_CONVERSION = YES;
				CLANG_WARN_NON_LITERAL_NULL_CONVERSION = YES;
				CLANG_WARN_OBJC_IMPLICIT_RETAIN_SELF = YES;
				CLANG_WARN_OBJC_LITERAL_CONVERSION = YES;
				CLANG_WARN_OBJC_ROOT_CLASS = YES_ERROR;
				CLANG_WARN_RANGE_LOOP_ANALYSIS = YES;
				CLANG_WARN_STRICT_PROTOTYPES = YES;
				CLANG_WARN_SUSPICIOUS_MOVE = YES;
				CLANG_WARN_UNGUARDED_AVAILABILITY = YES_AGGRESSIVE;
				CLANG_WARN_UNREACHABLE_CODE = YES;
				CLANG_WARN__DUPLICATE_METHOD_MATCH = YES;
				CODE_SIGN_IDENTITY = "iPhone Developer";
				COPY_PHASE_STRIP = NO;
				DEBUG_INFORMATION_FORMAT = "dwarf-with-dsym";
				ENABLE_NS_ASSERTIONS = NO;
				ENABLE_STRICT_OBJC_MSGSEND = YES;
				GCC_C_LANGUAGE_STANDARD = gnu11;
				GCC_NO_COMMON_BLOCKS = YES;
				GCC_WARN_64_TO_32_BIT_CONVERSION = YES;
				GCC_WARN_ABOUT_RETURN_TYPE = YES_ERROR;
				GCC_WARN_UNDECLARED_SELECTOR = YES;
				GCC_WARN_UNINITIALIZED_AUTOS = YES_AGGRESSIVE;
				GCC_WARN_UNUSED_FUNCTION = YES;
				GCC_WARN_UNUSED_VARIABLE = YES;
				IPHONEOS_DEPLOYMENT_TARGET = 11.2;
				MTL_ENABLE_DEBUG_INFO = NO;
				SDKROOT = iphoneos;
				SWIFT_OPTIMIZATION_LEVEL = "-Owholemodule";
				VALIDATE_PRODUCT = YES;
			};
			name = Release;
		};
		A7CF491820508C6100108CF5 /* Debug */ = {
			isa = XCBuildConfiguration;
			buildSettings = {
				ASSETCATALOG_COMPILER_APPICON_NAME = AppIcon;
				CODE_SIGN_STYLE = Automatic;
				DEVELOPMENT_TEAM = Z86DH46P79;
				INFOPLIST_FILE = LittleSparksSurvey/Info.plist;
				LD_RUNPATH_SEARCH_PATHS = "$(inherited) @executable_path/Frameworks";
				PRODUCT_BUNDLE_IDENTIFIER = "com.oliver-binns.LittleSparksSurvey";
				PRODUCT_NAME = "$(TARGET_NAME)";
				SWIFT_VERSION = 4.0;
				TARGETED_DEVICE_FAMILY = 2;
			};
			name = Debug;
		};
		A7CF491920508C6100108CF5 /* Release */ = {
			isa = XCBuildConfiguration;
			buildSettings = {
				ASSETCATALOG_COMPILER_APPICON_NAME = AppIcon;
				CODE_SIGN_STYLE = Automatic;
				DEVELOPMENT_TEAM = Z86DH46P79;
				INFOPLIST_FILE = LittleSparksSurvey/Info.plist;
				LD_RUNPATH_SEARCH_PATHS = "$(inherited) @executable_path/Frameworks";
				PRODUCT_BUNDLE_IDENTIFIER = "com.oliver-binns.LittleSparksSurvey";
				PRODUCT_NAME = "$(TARGET_NAME)";
				SWIFT_VERSION = 4.0;
				TARGETED_DEVICE_FAMILY = 2;
			};
			name = Release;
		};
/* End XCBuildConfiguration section */

/* Begin XCConfigurationList section */
		A7CF490020508C6000108CF5 /* Build configuration list for PBXProject "LittleSparksSurvey" */ = {
			isa = XCConfigurationList;
			buildConfigurations = (
				A7CF491520508C6100108CF5 /* Debug */,
				A7CF491620508C6100108CF5 /* Release */,
			);
			defaultConfigurationIsVisible = 0;
			defaultConfigurationName = Release;
		};
		A7CF491720508C6100108CF5 /* Build configuration list for PBXNativeTarget "LittleSparksSurvey" */ = {
			isa = XCConfigurationList;
			buildConfigurations = (
				A7CF491820508C6100108CF5 /* Debug */,
				A7CF491920508C6100108CF5 /* Release */,
			);
			defaultConfigurationIsVisible = 0;
			defaultConfigurationName = Release;
		};
/* End XCConfigurationList section */
	};
	rootObject = A7CF48FD20508C6000108CF5 /* Project object */;
}
